// !$*UTF8*$!
{
	archiveVersion = 1;
	classes = {
	};
	objectVersion = 56;
	objects = {

/* Begin PBXBuildFile section */
		B21FDE952A1CE47600A84D5E /* AppDelegate.swift in Sources */ = {isa = PBXBuildFile; fileRef = B21FDE942A1CE47600A84D5E /* AppDelegate.swift */; };
		B21FDE992A1CE47600A84D5E /* LoginViewController.swift in Sources */ = {isa = PBXBuildFile; fileRef = B21FDE982A1CE47600A84D5E /* LoginViewController.swift */; };
		B21FDE9E2A1CE47700A84D5E /* Assets.xcassets in Resources */ = {isa = PBXBuildFile; fileRef = B21FDE9D2A1CE47700A84D5E /* Assets.xcassets */; };
		B21FDEA12A1CE47700A84D5E /* LaunchScreen.storyboard in Resources */ = {isa = PBXBuildFile; fileRef = B21FDE9F2A1CE47700A84D5E /* LaunchScreen.storyboard */; };
		B21FDEAB2A1CEE1400A84D5E /* LoginView.swift in Sources */ = {isa = PBXBuildFile; fileRef = B21FDEAA2A1CEE1400A84D5E /* LoginView.swift */; };
		B21FDEAE2A262E7800A84D5E /* OnboardingContainerViewController.swift in Sources */ = {isa = PBXBuildFile; fileRef = B21FDEAD2A262E7800A84D5E /* OnboardingContainerViewController.swift */; };
		B2262E3A2A32148400F3A81C /* LocalState.swift in Sources */ = {isa = PBXBuildFile; fileRef = B2262E392A32148400F3A81C /* LocalState.swift */; };
		B2262E3C2A3351D600F3A81C /* UIViewController+Utils.swift in Sources */ = {isa = PBXBuildFile; fileRef = B2262E3B2A3351D600F3A81C /* UIViewController+Utils.swift */; };
		B2262E3E2A33566100F3A81C /* MainViewController.swift in Sources */ = {isa = PBXBuildFile; fileRef = B2262E3D2A33566100F3A81C /* MainViewController.swift */; };
		B2262E412A38AC8300F3A81C /* AccountSummaryViewController.swift in Sources */ = {isa = PBXBuildFile; fileRef = B2262E402A38AC8300F3A81C /* AccountSummaryViewController.swift */; };
		B2262E432A39EBC900F3A81C /* AccountSummaryHeaderView.swift in Sources */ = {isa = PBXBuildFile; fileRef = B2262E422A39EBC900F3A81C /* AccountSummaryHeaderView.swift */; };
		B2262E452A39EC8300F3A81C /* AccountSummaryHeaderView.xib in Resources */ = {isa = PBXBuildFile; fileRef = B2262E442A39EC8300F3A81C /* AccountSummaryHeaderView.xib */; };
		B2262E492A41DF8C00F3A81C /* AccountSummaryCell.swift in Sources */ = {isa = PBXBuildFile; fileRef = B2262E482A41DF8C00F3A81C /* AccountSummaryCell.swift */; };
		B249BF122A6812FA007BFA3B /* NSNotificationName.swift in Sources */ = {isa = PBXBuildFile; fileRef = B249BF112A6812FA007BFA3B /* NSNotificationName.swift */; };
		B249BF142A681888007BFA3B /* UITextField+SecureToggle.swift in Sources */ = {isa = PBXBuildFile; fileRef = B249BF132A681888007BFA3B /* UITextField+SecureToggle.swift */; };
		B249BF172A77DF2F007BFA3B /* ShakeyBellView.swift in Sources */ = {isa = PBXBuildFile; fileRef = B249BF162A77DF2F007BFA3B /* ShakeyBellView.swift */; };
		B249BF192A7D24CA007BFA3B /* Date+Utils.swift in Sources */ = {isa = PBXBuildFile; fileRef = B249BF182A7D24CA007BFA3B /* Date+Utils.swift */; };
		B249BF1B2A7D2785007BFA3B /* AccountSummaryViewController+Networking.swift in Sources */ = {isa = PBXBuildFile; fileRef = B249BF1A2A7D2785007BFA3B /* AccountSummaryViewController+Networking.swift */; };
		B2B464D02A56F5AC005B5813 /* Decimal+Utils.swift in Sources */ = {isa = PBXBuildFile; fileRef = B2B464CF2A56F5AC005B5813 /* Decimal+Utils.swift */; };
		B2B464D22A56F6F7005B5813 /* CurrencyFormater.swift in Sources */ = {isa = PBXBuildFile; fileRef = B2B464D12A56F6F7005B5813 /* CurrencyFormater.swift */; };
		B2D890D22A5D941000316F80 /* CurrencyFormatterTests.swift in Sources */ = {isa = PBXBuildFile; fileRef = B2D890D12A5D941000316F80 /* CurrencyFormatterTests.swift */; };
		B2E67C412A2769F80017023C /* OnboardingViewController.swift in Sources */ = {isa = PBXBuildFile; fileRef = B2E67C402A2769F80017023C /* OnboardingViewController.swift */; };
/* End PBXBuildFile section */

/* Begin PBXContainerItemProxy section */
		B2D890CC2A5D938500316F80 /* PBXContainerItemProxy */ = {
			isa = PBXContainerItemProxy;
			containerPortal = B21FDE892A1CE47600A84D5E /* Project object */;
			proxyType = 1;
			remoteGlobalIDString = B21FDE902A1CE47600A84D5E;
			remoteInfo = Bankey;
		};
/* End PBXContainerItemProxy section */

/* Begin PBXFileReference section */
		B21FDE912A1CE47600A84D5E /* Bankey.app */ = {isa = PBXFileReference; explicitFileType = wrapper.application; includeInIndex = 0; path = Bankey.app; sourceTree = BUILT_PRODUCTS_DIR; };
		B21FDE942A1CE47600A84D5E /* AppDelegate.swift */ = {isa = PBXFileReference; lastKnownFileType = sourcecode.swift; path = AppDelegate.swift; sourceTree = "<group>"; };
		B21FDE982A1CE47600A84D5E /* LoginViewController.swift */ = {isa = PBXFileReference; lastKnownFileType = sourcecode.swift; path = LoginViewController.swift; sourceTree = "<group>"; };
		B21FDE9D2A1CE47700A84D5E /* Assets.xcassets */ = {isa = PBXFileReference; lastKnownFileType = folder.assetcatalog; path = Assets.xcassets; sourceTree = "<group>"; };
		B21FDEA02A1CE47700A84D5E /* Base */ = {isa = PBXFileReference; lastKnownFileType = file.storyboard; name = Base; path = Base.lproj/LaunchScreen.storyboard; sourceTree = "<group>"; };
		B21FDEA22A1CE47700A84D5E /* Info.plist */ = {isa = PBXFileReference; lastKnownFileType = text.plist.xml; path = Info.plist; sourceTree = "<group>"; };
		B21FDEAA2A1CEE1400A84D5E /* LoginView.swift */ = {isa = PBXFileReference; lastKnownFileType = sourcecode.swift; path = LoginView.swift; sourceTree = "<group>"; };
		B21FDEAD2A262E7800A84D5E /* OnboardingContainerViewController.swift */ = {isa = PBXFileReference; lastKnownFileType = sourcecode.swift; path = OnboardingContainerViewController.swift; sourceTree = "<group>"; };
		B2262E392A32148400F3A81C /* LocalState.swift */ = {isa = PBXFileReference; lastKnownFileType = sourcecode.swift; path = LocalState.swift; sourceTree = "<group>"; };
		B2262E3B2A3351D600F3A81C /* UIViewController+Utils.swift */ = {isa = PBXFileReference; lastKnownFileType = sourcecode.swift; path = "UIViewController+Utils.swift"; sourceTree = "<group>"; };
		B2262E3D2A33566100F3A81C /* MainViewController.swift */ = {isa = PBXFileReference; lastKnownFileType = sourcecode.swift; path = MainViewController.swift; sourceTree = "<group>"; };
		B2262E402A38AC8300F3A81C /* AccountSummaryViewController.swift */ = {isa = PBXFileReference; lastKnownFileType = sourcecode.swift; path = AccountSummaryViewController.swift; sourceTree = "<group>"; };
		B2262E422A39EBC900F3A81C /* AccountSummaryHeaderView.swift */ = {isa = PBXFileReference; lastKnownFileType = sourcecode.swift; path = AccountSummaryHeaderView.swift; sourceTree = "<group>"; };
		B2262E442A39EC8300F3A81C /* AccountSummaryHeaderView.xib */ = {isa = PBXFileReference; lastKnownFileType = file.xib; path = AccountSummaryHeaderView.xib; sourceTree = "<group>"; };
		B2262E482A41DF8C00F3A81C /* AccountSummaryCell.swift */ = {isa = PBXFileReference; lastKnownFileType = sourcecode.swift; path = AccountSummaryCell.swift; sourceTree = "<group>"; };
		B249BF112A6812FA007BFA3B /* NSNotificationName.swift */ = {isa = PBXFileReference; lastKnownFileType = sourcecode.swift; path = NSNotificationName.swift; sourceTree = "<group>"; };
		B249BF132A681888007BFA3B /* UITextField+SecureToggle.swift */ = {isa = PBXFileReference; lastKnownFileType = sourcecode.swift; path = "UITextField+SecureToggle.swift"; sourceTree = "<group>"; };
		B249BF162A77DF2F007BFA3B /* ShakeyBellView.swift */ = {isa = PBXFileReference; lastKnownFileType = sourcecode.swift; path = ShakeyBellView.swift; sourceTree = "<group>"; };
		B249BF182A7D24CA007BFA3B /* Date+Utils.swift */ = {isa = PBXFileReference; lastKnownFileType = sourcecode.swift; path = "Date+Utils.swift"; sourceTree = "<group>"; };
		B249BF1A2A7D2785007BFA3B /* AccountSummaryViewController+Networking.swift */ = {isa = PBXFileReference; lastKnownFileType = sourcecode.swift; path = "AccountSummaryViewController+Networking.swift"; sourceTree = "<group>"; };
		B2B464CF2A56F5AC005B5813 /* Decimal+Utils.swift */ = {isa = PBXFileReference; lastKnownFileType = sourcecode.swift; path = "Decimal+Utils.swift"; sourceTree = "<group>"; };
		B2B464D12A56F6F7005B5813 /* CurrencyFormater.swift */ = {isa = PBXFileReference; lastKnownFileType = sourcecode.swift; path = CurrencyFormater.swift; sourceTree = "<group>"; };
		B2D890C82A5D938500316F80 /* BankeyUnitTests.xctest */ = {isa = PBXFileReference; explicitFileType = wrapper.cfbundle; includeInIndex = 0; path = BankeyUnitTests.xctest; sourceTree = BUILT_PRODUCTS_DIR; };
		B2D890D12A5D941000316F80 /* CurrencyFormatterTests.swift */ = {isa = PBXFileReference; lastKnownFileType = sourcecode.swift; path = CurrencyFormatterTests.swift; sourceTree = "<group>"; };
		B2E67C402A2769F80017023C /* OnboardingViewController.swift */ = {isa = PBXFileReference; lastKnownFileType = sourcecode.swift; path = OnboardingViewController.swift; sourceTree = "<group>"; };
/* End PBXFileReference section */

/* Begin PBXFrameworksBuildPhase section */
		B21FDE8E2A1CE47600A84D5E /* Frameworks */ = {
			isa = PBXFrameworksBuildPhase;
			buildActionMask = 2147483647;
			files = (
			);
			runOnlyForDeploymentPostprocessing = 0;
		};
		B2D890C52A5D938500316F80 /* Frameworks */ = {
			isa = PBXFrameworksBuildPhase;
			buildActionMask = 2147483647;
			files = (
			);
			runOnlyForDeploymentPostprocessing = 0;
		};
/* End PBXFrameworksBuildPhase section */

/* Begin PBXGroup section */
		B21FDE882A1CE47600A84D5E = {
			isa = PBXGroup;
			children = (
				B21FDE932A1CE47600A84D5E /* Bankey */,
				B2D890C92A5D938500316F80 /* BankeyUnitTests */,
				B21FDE922A1CE47600A84D5E /* Products */,
			);
			sourceTree = "<group>";
		};
		B21FDE922A1CE47600A84D5E /* Products */ = {
			isa = PBXGroup;
			children = (
				B21FDE912A1CE47600A84D5E /* Bankey.app */,
				B2D890C82A5D938500316F80 /* BankeyUnitTests.xctest */,
			);
			name = Products;
			sourceTree = "<group>";
		};
		B21FDE932A1CE47600A84D5E /* Bankey */ = {
			isa = PBXGroup;
			children = (
				B21FDE942A1CE47600A84D5E /* AppDelegate.swift */,
				B2262E3D2A33566100F3A81C /* MainViewController.swift */,
				B21FDEA92A1CEDB000A84D5E /* Login */,
				B21FDEAC2A262DF200A84D5E /* Onboarding */,
				B2262E3F2A38AB3F00F3A81C /* AccountSummary */,
				B2262E382A32144F00F3A81C /* Utils */,
				B21FDEA82A1CED1600A84D5E /* Files */,
			);
			path = Bankey;
			sourceTree = "<group>";
		};
		B21FDEA82A1CED1600A84D5E /* Files */ = {
			isa = PBXGroup;
			children = (
				B21FDE9D2A1CE47700A84D5E /* Assets.xcassets */,
				B21FDE9F2A1CE47700A84D5E /* LaunchScreen.storyboard */,
				B21FDEA22A1CE47700A84D5E /* Info.plist */,
			);
			name = Files;
			sourceTree = "<group>";
		};
		B21FDEA92A1CEDB000A84D5E /* Login */ = {
			isa = PBXGroup;
			children = (
				B21FDE982A1CE47600A84D5E /* LoginViewController.swift */,
				B21FDEAA2A1CEE1400A84D5E /* LoginView.swift */,
			);
			path = Login;
			sourceTree = "<group>";
		};
		B21FDEAC2A262DF200A84D5E /* Onboarding */ = {
			isa = PBXGroup;
			children = (
				B21FDEAD2A262E7800A84D5E /* OnboardingContainerViewController.swift */,
				B2E67C402A2769F80017023C /* OnboardingViewController.swift */,
			);
			path = Onboarding;
			sourceTree = "<group>";
		};
		B2262E382A32144F00F3A81C /* Utils */ = {
			isa = PBXGroup;
			children = (
				B249BF152A77DECD007BFA3B /* Components */,
				B2262E392A32148400F3A81C /* LocalState.swift */,
				B2262E3B2A3351D600F3A81C /* UIViewController+Utils.swift */,
				B2B464CF2A56F5AC005B5813 /* Decimal+Utils.swift */,
				B249BF132A681888007BFA3B /* UITextField+SecureToggle.swift */,
				B2B464D12A56F6F7005B5813 /* CurrencyFormater.swift */,
				B249BF112A6812FA007BFA3B /* NSNotificationName.swift */,
				B249BF182A7D24CA007BFA3B /* Date+Utils.swift */,
			);
			path = Utils;
			sourceTree = "<group>";
		};
		B2262E3F2A38AB3F00F3A81C /* AccountSummary */ = {
			isa = PBXGroup;
			children = (
				B2262E402A38AC8300F3A81C /* AccountSummaryViewController.swift */,
				B249BF1A2A7D2785007BFA3B /* AccountSummaryViewController+Networking.swift */,
				B2262E462A41DD6A00F3A81C /* Header */,
				B2262E472A41DDE100F3A81C /* Cells */,
			);
			path = AccountSummary;
			sourceTree = "<group>";
		};
		B2262E462A41DD6A00F3A81C /* Header */ = {
			isa = PBXGroup;
			children = (
				B2262E422A39EBC900F3A81C /* AccountSummaryHeaderView.swift */,
				B2262E442A39EC8300F3A81C /* AccountSummaryHeaderView.xib */,
			);
			path = Header;
			sourceTree = "<group>";
		};
		B2262E472A41DDE100F3A81C /* Cells */ = {
			isa = PBXGroup;
			children = (
				B2262E482A41DF8C00F3A81C /* AccountSummaryCell.swift */,
			);
			path = Cells;
			sourceTree = "<group>";
		};
		B249BF152A77DECD007BFA3B /* Components */ = {
			isa = PBXGroup;
			children = (
				B249BF162A77DF2F007BFA3B /* ShakeyBellView.swift */,
			);
			path = Components;
			sourceTree = "<group>";
		};
		B2D890C92A5D938500316F80 /* BankeyUnitTests */ = {
			isa = PBXGroup;
			children = (
				B2D890D12A5D941000316F80 /* CurrencyFormatterTests.swift */,
			);
			path = BankeyUnitTests;
			sourceTree = "<group>";
		};
/* End PBXGroup section */

/* Begin PBXNativeTarget section */
		B21FDE902A1CE47600A84D5E /* Bankey */ = {
			isa = PBXNativeTarget;
			buildConfigurationList = B21FDEA52A1CE47700A84D5E /* Build configuration list for PBXNativeTarget "Bankey" */;
			buildPhases = (
				B21FDE8D2A1CE47600A84D5E /* Sources */,
				B21FDE8E2A1CE47600A84D5E /* Frameworks */,
				B21FDE8F2A1CE47600A84D5E /* Resources */,
			);
			buildRules = (
			);
			dependencies = (
			);
			name = Bankey;
			productName = Bankey;
			productReference = B21FDE912A1CE47600A84D5E /* Bankey.app */;
			productType = "com.apple.product-type.application";
		};
		B2D890C72A5D938500316F80 /* BankeyUnitTests */ = {
			isa = PBXNativeTarget;
			buildConfigurationList = B2D890CE2A5D938500316F80 /* Build configuration list for PBXNativeTarget "BankeyUnitTests" */;
			buildPhases = (
				B2D890C42A5D938500316F80 /* Sources */,
				B2D890C52A5D938500316F80 /* Frameworks */,
				B2D890C62A5D938500316F80 /* Resources */,
			);
			buildRules = (
			);
			dependencies = (
				B2D890CD2A5D938500316F80 /* PBXTargetDependency */,
			);
			name = BankeyUnitTests;
			productName = BankeyUnitTests;
			productReference = B2D890C82A5D938500316F80 /* BankeyUnitTests.xctest */;
			productType = "com.apple.product-type.bundle.unit-test";
		};
/* End PBXNativeTarget section */

/* Begin PBXProject section */
		B21FDE892A1CE47600A84D5E /* Project object */ = {
			isa = PBXProject;
			attributes = {
				BuildIndependentTargetsInParallel = 1;
				LastSwiftUpdateCheck = 1430;
				LastUpgradeCheck = 1430;
				TargetAttributes = {
					B21FDE902A1CE47600A84D5E = {
						CreatedOnToolsVersion = 14.3;
					};
					B2D890C72A5D938500316F80 = {
						CreatedOnToolsVersion = 14.3.1;
						LastSwiftMigration = 1430;
						TestTargetID = B21FDE902A1CE47600A84D5E;
					};
				};
			};
			buildConfigurationList = B21FDE8C2A1CE47600A84D5E /* Build configuration list for PBXProject "Bankey" */;
			compatibilityVersion = "Xcode 14.0";
			developmentRegion = en;
			hasScannedForEncodings = 0;
			knownRegions = (
				en,
				Base,
			);
			mainGroup = B21FDE882A1CE47600A84D5E;
			productRefGroup = B21FDE922A1CE47600A84D5E /* Products */;
			projectDirPath = "";
			projectRoot = "";
			targets = (
				B21FDE902A1CE47600A84D5E /* Bankey */,
				B2D890C72A5D938500316F80 /* BankeyUnitTests */,
			);
		};
/* End PBXProject section */

/* Begin PBXResourcesBuildPhase section */
		B21FDE8F2A1CE47600A84D5E /* Resources */ = {
			isa = PBXResourcesBuildPhase;
			buildActionMask = 2147483647;
			files = (
				B2262E452A39EC8300F3A81C /* AccountSummaryHeaderView.xib in Resources */,
				B21FDEA12A1CE47700A84D5E /* LaunchScreen.storyboard in Resources */,
				B21FDE9E2A1CE47700A84D5E /* Assets.xcassets in Resources */,
			);
			runOnlyForDeploymentPostprocessing = 0;
		};
		B2D890C62A5D938500316F80 /* Resources */ = {
			isa = PBXResourcesBuildPhase;
			buildActionMask = 2147483647;
			files = (
			);
			runOnlyForDeploymentPostprocessing = 0;
		};
/* End PBXResourcesBuildPhase section */

/* Begin PBXSourcesBuildPhase section */
		B21FDE8D2A1CE47600A84D5E /* Sources */ = {
			isa = PBXSourcesBuildPhase;
			buildActionMask = 2147483647;
			files = (
				B2B464D22A56F6F7005B5813 /* CurrencyFormater.swift in Sources */,
				B2262E3C2A3351D600F3A81C /* UIViewController+Utils.swift in Sources */,
				B21FDEAB2A1CEE1400A84D5E /* LoginView.swift in Sources */,
				B2262E3A2A32148400F3A81C /* LocalState.swift in Sources */,
				B2262E432A39EBC900F3A81C /* AccountSummaryHeaderView.swift in Sources */,
				B2B464D02A56F5AC005B5813 /* Decimal+Utils.swift in Sources */,
				B249BF192A7D24CA007BFA3B /* Date+Utils.swift in Sources */,
				B249BF1B2A7D2785007BFA3B /* AccountSummaryViewController+Networking.swift in Sources */,
				B249BF142A681888007BFA3B /* UITextField+SecureToggle.swift in Sources */,
				B21FDE992A1CE47600A84D5E /* LoginViewController.swift in Sources */,
				B2262E492A41DF8C00F3A81C /* AccountSummaryCell.swift in Sources */,
				B249BF122A6812FA007BFA3B /* NSNotificationName.swift in Sources */,
				B2E67C412A2769F80017023C /* OnboardingViewController.swift in Sources */,
				B2262E3E2A33566100F3A81C /* MainViewController.swift in Sources */,
				B2262E412A38AC8300F3A81C /* AccountSummaryViewController.swift in Sources */,
				B21FDE952A1CE47600A84D5E /* AppDelegate.swift in Sources */,
				B249BF172A77DF2F007BFA3B /* ShakeyBellView.swift in Sources */,
				B21FDEAE2A262E7800A84D5E /* OnboardingContainerViewController.swift in Sources */,
			);
			runOnlyForDeploymentPostprocessing = 0;
		};
		B2D890C42A5D938500316F80 /* Sources */ = {
			isa = PBXSourcesBuildPhase;
			buildActionMask = 2147483647;
			files = (
				B2D890D22A5D941000316F80 /* CurrencyFormatterTests.swift in Sources */,
			);
			runOnlyForDeploymentPostprocessing = 0;
		};
/* End PBXSourcesBuildPhase section */

/* Begin PBXTargetDependency section */
		B2D890CD2A5D938500316F80 /* PBXTargetDependency */ = {
			isa = PBXTargetDependency;
			target = B21FDE902A1CE47600A84D5E /* Bankey */;
			targetProxy = B2D890CC2A5D938500316F80 /* PBXContainerItemProxy */;
		};
/* End PBXTargetDependency section */

/* Begin PBXVariantGroup section */
		B21FDE9F2A1CE47700A84D5E /* LaunchScreen.storyboard */ = {
			isa = PBXVariantGroup;
			children = (
				B21FDEA02A1CE47700A84D5E /* Base */,
			);
			name = LaunchScreen.storyboard;
			sourceTree = "<group>";
		};
/* End PBXVariantGroup section */

/* Begin XCBuildConfiguration section */
		B21FDEA32A1CE47700A84D5E /* Debug */ = {
			isa = XCBuildConfiguration;
			buildSettings = {
				ALWAYS_SEARCH_USER_PATHS = NO;
				CLANG_ANALYZER_NONNULL = YES;
				CLANG_ANALYZER_NUMBER_OBJECT_CONVERSION = YES_AGGRESSIVE;
				CLANG_CXX_LANGUAGE_STANDARD = "gnu++20";
				CLANG_ENABLE_MODULES = YES;
				CLANG_ENABLE_OBJC_ARC = YES;
				CLANG_ENABLE_OBJC_WEAK = YES;
				CLANG_WARN_BLOCK_CAPTURE_AUTORELEASING = YES;
				CLANG_WARN_BOOL_CONVERSION = YES;
				CLANG_WARN_COMMA = YES;
				CLANG_WARN_CONSTANT_CONVERSION = YES;
				CLANG_WARN_DEPRECATED_OBJC_IMPLEMENTATIONS = YES;
				CLANG_WARN_DIRECT_OBJC_ISA_USAGE = YES_ERROR;
				CLANG_WARN_DOCUMENTATION_COMMENTS = YES;
				CLANG_WARN_EMPTY_BODY = YES;
				CLANG_WARN_ENUM_CONVERSION = YES;
				CLANG_WARN_INFINITE_RECURSION = YES;
				CLANG_WARN_INT_CONVERSION = YES;
				CLANG_WARN_NON_LITERAL_NULL_CONVERSION = YES;
				CLANG_WARN_OBJC_IMPLICIT_RETAIN_SELF = YES;
				CLANG_WARN_OBJC_LITERAL_CONVERSION = YES;
				CLANG_WARN_OBJC_ROOT_CLASS = YES_ERROR;
				CLANG_WARN_QUOTED_INCLUDE_IN_FRAMEWORK_HEADER = YES;
				CLANG_WARN_RANGE_LOOP_ANALYSIS = YES;
				CLANG_WARN_STRICT_PROTOTYPES = YES;
				CLANG_WARN_SUSPICIOUS_MOVE = YES;
				CLANG_WARN_UNGUARDED_AVAILABILITY = YES_AGGRESSIVE;
				CLANG_WARN_UNREACHABLE_CODE = YES;
				CLANG_WARN__DUPLICATE_METHOD_MATCH = YES;
				COPY_PHASE_STRIP = NO;
				DEBUG_INFORMATION_FORMAT = dwarf;
				ENABLE_STRICT_OBJC_MSGSEND = YES;
				ENABLE_TESTABILITY = YES;
				GCC_C_LANGUAGE_STANDARD = gnu11;
				GCC_DYNAMIC_NO_PIC = NO;
				GCC_NO_COMMON_BLOCKS = YES;
				GCC_OPTIMIZATION_LEVEL = 0;
				GCC_PREPROCESSOR_DEFINITIONS = (
					"DEBUG=1",
					"$(inherited)",
				);
				GCC_WARN_64_TO_32_BIT_CONVERSION = YES;
				GCC_WARN_ABOUT_RETURN_TYPE = YES_ERROR;
				GCC_WARN_UNDECLARED_SELECTOR = YES;
				GCC_WARN_UNINITIALIZED_AUTOS = YES_AGGRESSIVE;
				GCC_WARN_UNUSED_FUNCTION = YES;
				GCC_WARN_UNUSED_VARIABLE = YES;
				IPHONEOS_DEPLOYMENT_TARGET = 16.4;
				MTL_ENABLE_DEBUG_INFO = INCLUDE_SOURCE;
				MTL_FAST_MATH = YES;
				ONLY_ACTIVE_ARCH = YES;
				SDKROOT = iphoneos;
				SWIFT_ACTIVE_COMPILATION_CONDITIONS = DEBUG;
				SWIFT_OPTIMIZATION_LEVEL = "-Onone";
			};
			name = Debug;
		};
		B21FDEA42A1CE47700A84D5E /* Release */ = {
			isa = XCBuildConfiguration;
			buildSettings = {
				ALWAYS_SEARCH_USER_PATHS = NO;
				CLANG_ANALYZER_NONNULL = YES;
				CLANG_ANALYZER_NUMBER_OBJECT_CONVERSION = YES_AGGRESSIVE;
				CLANG_CXX_LANGUAGE_STANDARD = "gnu++20";
				CLANG_ENABLE_MODULES = YES;
				CLANG_ENABLE_OBJC_ARC = YES;
				CLANG_ENABLE_OBJC_WEAK = YES;
				CLANG_WARN_BLOCK_CAPTURE_AUTORELEASING = YES;
				CLANG_WARN_BOOL_CONVERSION = YES;
				CLANG_WARN_COMMA = YES;
				CLANG_WARN_CONSTANT_CONVERSION = YES;
				CLANG_WARN_DEPRECATED_OBJC_IMPLEMENTATIONS = YES;
				CLANG_WARN_DIRECT_OBJC_ISA_USAGE = YES_ERROR;
				CLANG_WARN_DOCUMENTATION_COMMENTS = YES;
				CLANG_WARN_EMPTY_BODY = YES;
				CLANG_WARN_ENUM_CONVERSION = YES;
				CLANG_WARN_INFINITE_RECURSION = YES;
				CLANG_WARN_INT_CONVERSION = YES;
				CLANG_WARN_NON_LITERAL_NULL_CONVERSION = YES;
				CLANG_WARN_OBJC_IMPLICIT_RETAIN_SELF = YES;
				CLANG_WARN_OBJC_LITERAL_CONVERSION = YES;
				CLANG_WARN_OBJC_ROOT_CLASS = YES_ERROR;
				CLANG_WARN_QUOTED_INCLUDE_IN_FRAMEWORK_HEADER = YES;
				CLANG_WARN_RANGE_LOOP_ANALYSIS = YES;
				CLANG_WARN_STRICT_PROTOTYPES = YES;
				CLANG_WARN_SUSPICIOUS_MOVE = YES;
				CLANG_WARN_UNGUARDED_AVAILABILITY = YES_AGGRESSIVE;
				CLANG_WARN_UNREACHABLE_CODE = YES;
				CLANG_WARN__DUPLICATE_METHOD_MATCH = YES;
				COPY_PHASE_STRIP = NO;
				DEBUG_INFORMATION_FORMAT = "dwarf-with-dsym";
				ENABLE_NS_ASSERTIONS = NO;
				ENABLE_STRICT_OBJC_MSGSEND = YES;
				GCC_C_LANGUAGE_STANDARD = gnu11;
				GCC_NO_COMMON_BLOCKS = YES;
				GCC_WARN_64_TO_32_BIT_CONVERSION = YES;
				GCC_WARN_ABOUT_RETURN_TYPE = YES_ERROR;
				GCC_WARN_UNDECLARED_SELECTOR = YES;
				GCC_WARN_UNINITIALIZED_AUTOS = YES_AGGRESSIVE;
				GCC_WARN_UNUSED_FUNCTION = YES;
				GCC_WARN_UNUSED_VARIABLE = YES;
				IPHONEOS_DEPLOYMENT_TARGET = 16.4;
				MTL_ENABLE_DEBUG_INFO = NO;
				MTL_FAST_MATH = YES;
				SDKROOT = iphoneos;
				SWIFT_COMPILATION_MODE = wholemodule;
				SWIFT_OPTIMIZATION_LEVEL = "-O";
				VALIDATE_PRODUCT = YES;
			};
			name = Release;
		};
		B21FDEA62A1CE47700A84D5E /* Debug */ = {
			isa = XCBuildConfiguration;
			buildSettings = {
				ASSETCATALOG_COMPILER_APPICON_NAME = AppIcon;
				ASSETCATALOG_COMPILER_GLOBAL_ACCENT_COLOR_NAME = AccentColor;
				CODE_SIGN_STYLE = Automatic;
				CURRENT_PROJECT_VERSION = 1;
				GENERATE_INFOPLIST_FILE = YES;
				INFOPLIST_FILE = Bankey/Info.plist;
				INFOPLIST_KEY_UIApplicationSupportsIndirectInputEvents = YES;
				INFOPLIST_KEY_UILaunchStoryboardName = LaunchScreen;
				INFOPLIST_KEY_UISupportedInterfaceOrientations_iPad = "UIInterfaceOrientationPortrait UIInterfaceOrientationPortraitUpsideDown UIInterfaceOrientationLandscapeLeft UIInterfaceOrientationLandscapeRight";
				INFOPLIST_KEY_UISupportedInterfaceOrientations_iPhone = "UIInterfaceOrientationPortrait UIInterfaceOrientationLandscapeLeft UIInterfaceOrientationLandscapeRight";
				LD_RUNPATH_SEARCH_PATHS = (
					"$(inherited)",
					"@executable_path/Frameworks",
				);
				MARKETING_VERSION = 1.0;
				PRODUCT_BUNDLE_IDENTIFIER = com.stevenrmoody.Bankey;
				PRODUCT_NAME = "$(TARGET_NAME)";
				SWIFT_EMIT_LOC_STRINGS = YES;
				SWIFT_VERSION = 5.0;
				TARGETED_DEVICE_FAMILY = "1,2";
			};
			name = Debug;
		};
		B21FDEA72A1CE47700A84D5E /* Release */ = {
			isa = XCBuildConfiguration;
			buildSettings = {
				ASSETCATALOG_COMPILER_APPICON_NAME = AppIcon;
				ASSETCATALOG_COMPILER_GLOBAL_ACCENT_COLOR_NAME = AccentColor;
				CODE_SIGN_STYLE = Automatic;
				CURRENT_PROJECT_VERSION = 1;
				GENERATE_INFOPLIST_FILE = YES;
				INFOPLIST_FILE = Bankey/Info.plist;
				INFOPLIST_KEY_UIApplicationSupportsIndirectInputEvents = YES;
				INFOPLIST_KEY_UILaunchStoryboardName = LaunchScreen;
				INFOPLIST_KEY_UISupportedInterfaceOrientations_iPad = "UIInterfaceOrientationPortrait UIInterfaceOrientationPortraitUpsideDown UIInterfaceOrientationLandscapeLeft UIInterfaceOrientationLandscapeRight";
				INFOPLIST_KEY_UISupportedInterfaceOrientations_iPhone = "UIInterfaceOrientationPortrait UIInterfaceOrientationLandscapeLeft UIInterfaceOrientationLandscapeRight";
				LD_RUNPATH_SEARCH_PATHS = (
					"$(inherited)",
					"@executable_path/Frameworks",
				);
				MARKETING_VERSION = 1.0;
				PRODUCT_BUNDLE_IDENTIFIER = com.stevenrmoody.Bankey;
				PRODUCT_NAME = "$(TARGET_NAME)";
				SWIFT_EMIT_LOC_STRINGS = YES;
				SWIFT_VERSION = 5.0;
				TARGETED_DEVICE_FAMILY = "1,2";
			};
			name = Release;
		};
		B2D890CF2A5D938500316F80 /* Debug */ = {
			isa = XCBuildConfiguration;
			buildSettings = {
				BUNDLE_LOADER = "$(TEST_HOST)";
				CLANG_ENABLE_MODULES = YES;
				CODE_SIGN_STYLE = Automatic;
				CURRENT_PROJECT_VERSION = 1;
				GENERATE_INFOPLIST_FILE = YES;
				MARKETING_VERSION = 1.0;
				PRODUCT_BUNDLE_IDENTIFIER = com.stevenrmoody.BankeyUnitTests;
				PRODUCT_NAME = "$(TARGET_NAME)";
				SWIFT_EMIT_LOC_STRINGS = NO;
				SWIFT_OPTIMIZATION_LEVEL = "-Onone";
				SWIFT_VERSION = 5.0;
				TARGETED_DEVICE_FAMILY = "1,2";
				TEST_HOST = "$(BUILT_PRODUCTS_DIR)/Bankey.app/$(BUNDLE_EXECUTABLE_FOLDER_PATH)/Bankey";
			};
			name = Debug;
		};
		B2D890D02A5D938500316F80 /* Release */ = {
			isa = XCBuildConfiguration;
			buildSettings = {
				BUNDLE_LOADER = "$(TEST_HOST)";
				CLANG_ENABLE_MODULES = YES;
				CODE_SIGN_STYLE = Automatic;
				CURRENT_PROJECT_VERSION = 1;
				GENERATE_INFOPLIST_FILE = YES;
				MARKETING_VERSION = 1.0;
				PRODUCT_BUNDLE_IDENTIFIER = com.stevenrmoody.BankeyUnitTests;
				PRODUCT_NAME = "$(TARGET_NAME)";
				SWIFT_EMIT_LOC_STRINGS = NO;
				SWIFT_VERSION = 5.0;
				TARGETED_DEVICE_FAMILY = "1,2";
				TEST_HOST = "$(BUILT_PRODUCTS_DIR)/Bankey.app/$(BUNDLE_EXECUTABLE_FOLDER_PATH)/Bankey";
			};
			name = Release;
		};
/* End XCBuildConfiguration section */

/* Begin XCConfigurationList section */
		B21FDE8C2A1CE47600A84D5E /* Build configuration list for PBXProject "Bankey" */ = {
			isa = XCConfigurationList;
			buildConfigurations = (
				B21FDEA32A1CE47700A84D5E /* Debug */,
				B21FDEA42A1CE47700A84D5E /* Release */,
			);
			defaultConfigurationIsVisible = 0;
			defaultConfigurationName = Release;
		};
		B21FDEA52A1CE47700A84D5E /* Build configuration list for PBXNativeTarget "Bankey" */ = {
			isa = XCConfigurationList;
			buildConfigurations = (
				B21FDEA62A1CE47700A84D5E /* Debug */,
				B21FDEA72A1CE47700A84D5E /* Release */,
			);
			defaultConfigurationIsVisible = 0;
			defaultConfigurationName = Release;
		};
		B2D890CE2A5D938500316F80 /* Build configuration list for PBXNativeTarget "BankeyUnitTests" */ = {
			isa = XCConfigurationList;
			buildConfigurations = (
				B2D890CF2A5D938500316F80 /* Debug */,
				B2D890D02A5D938500316F80 /* Release */,
			);
			defaultConfigurationIsVisible = 0;
			defaultConfigurationName = Release;
		};
/* End XCConfigurationList section */
	};
	rootObject = B21FDE892A1CE47600A84D5E /* Project object */;
}
